
Microsoft Visual Studio Solution File, Format Version 12.00
# Visual Studio 14
VisualStudioVersion = 14.0.24720.0
MinimumVisualStudioVersion = 10.0.40219.1
Project("{FAE04EC0-301F-11D3-BF4B-00C04F79EFBC}") = "01.ExcellentResult", "01.ExcellentResult\01.ExcellentResult.csproj", "{80725D8E-FB02-4319-999F-108FBE6CEA76}"
EndProject
Project("{FAE04EC0-301F-11D3-BF4B-00C04F79EFBC}") = "02.ExcellentOrNot", "02.ExcellentOrNot\02.ExcellentOrNot.csproj", "{076A84FB-C878-4CBC-A754-2D9B0BC12641}"
EndProject
Project("{FAE04EC0-301F-11D3-BF4B-00C04F79EFBC}") = "03.EvenOrOdd", "03.EvenOrOdd\03.EvenOrOdd.csproj", "{C0DF2744-B623-4DA4-8EF0-CD10C057694E}"
EndProject
Project("{FAE04EC0-301F-11D3-BF4B-00C04F79EFBC}") = "04.GreaterNumber", "04.GreaterNumber\04.GreaterNumber.csproj", "{59F08739-4B53-4610-BC0D-287361F2659E}"
EndProject
Project("{FAE04EC0-301F-11D3-BF4B-00C04F79EFBC}") = "05.Number0...9ToText", "05.Number0...9ToText\05.Number0...9ToText.csproj", "{9549FB49-2B25-4C97-8B21-D22C498E1EE7}"
EndProject
Project("{FAE04EC0-301F-11D3-BF4B-00C04F79EFBC}") = "06.BonusScore", "06.BonusScore\06.BonusScore.csproj", "{9AD27F5F-7252-471F-830B-8925E94E6977}"
EndProject
Project("{FAE04EC0-301F-11D3-BF4B-00C04F79EFBC}") = "07.SumSeconds", "07.SumSeconds\07.SumSeconds.csproj", "{62F810BA-5BE1-4792-A7BB-C96359468C6C}"
EndProject
Project("{FAE04EC0-301F-11D3-BF4B-00C04F79EFBC}") = "08.MetricConverter", "08.MetricConverter\08.MetricConverter.csproj", "{44A613C5-3C7E-4DB8-8EED-C726CBB559FF}"
EndProject
Global
	GlobalSection(SolutionConfigurationPlatforms) = preSolution
		Debug|Any CPU = Debug|Any CPU
		Release|Any CPU = Release|Any CPU
	EndGlobalSection
	GlobalSection(ProjectConfigurationPlatforms) = postSolution
		{80725D8E-FB02-4319-999F-108FBE6CEA76}.Debug|Any CPU.ActiveCfg = Debug|Any CPU
		{80725D8E-FB02-4319-999F-108FBE6CEA76}.Debug|Any CPU.Build.0 = Debug|Any CPU
		{80725D8E-FB02-4319-999F-108FBE6CEA76}.Release|Any CPU.ActiveCfg = Release|Any CPU
		{80725D8E-FB02-4319-999F-108FBE6CEA76}.Release|Any CPU.Build.0 = Release|Any CPU
		{076A84FB-C878-4CBC-A754-2D9B0BC12641}.Debug|Any CPU.ActiveCfg = Debug|Any CPU
		{076A84FB-C878-4CBC-A754-2D9B0BC12641}.Debug|Any CPU.Build.0 = Debug|Any CPU
		{076A84FB-C878-4CBC-A754-2D9B0BC12641}.Release|Any CPU.ActiveCfg = Release|Any CPU
		{076A84FB-C878-4CBC-A754-2D9B0BC12641}.Release|Any CPU.Build.0 = Release|Any CPU
		{C0DF2744-B623-4DA4-8EF0-CD10C057694E}.Debug|Any CPU.ActiveCfg = Debug|Any CPU
		{C0DF2744-B623-4DA4-8EF0-CD10C057694E}.Debug|Any CPU.Build.0 = Debug|Any CPU
		{C0DF2744-B623-4DA4-8EF0-CD10C057694E}.Release|Any CPU.ActiveCfg = Release|Any CPU
		{C0DF2744-B623-4DA4-8EF0-CD10C057694E}.Release|Any CPU.Build.0 = Release|Any CPU
		{59F08739-4B53-4610-BC0D-287361F2659E}.Debug|Any CPU.ActiveCfg = Debug|Any CPU
		{59F08739-4B53-4610-BC0D-287361F2659E}.Debug|Any CPU.Build.0 = Debug|Any CPU
		{59F08739-4B53-4610-BC0D-287361F2659E}.Release|Any CPU.ActiveCfg = Release|Any CPU
		{59F08739-4B53-4610-BC0D-287361F2659E}.Release|Any CPU.Build.0 = Release|Any CPU
		{9549FB49-2B25-4C97-8B21-D22C498E1EE7}.Debug|Any CPU.ActiveCfg = Debug|Any CPU
		{9549FB49-2B25-4C97-8B21-D22C498E1EE7}.Debug|Any CPU.Build.0 = Debug|Any CPU
		{9549FB49-2B25-4C97-8B21-D22C498E1EE7}.Release|Any CPU.ActiveCfg = Release|Any CPU
		{9549FB49-2B25-4C97-8B21-D22C498E1EE7}.Release|Any CPU.Build.0 = Release|Any CPU
		{9AD27F5F-7252-471F-830B-8925E94E6977}.Debug|Any CPU.ActiveCfg = Debug|Any CPU
		{9AD27F5F-7252-471F-830B-8925E94E6977}.Debug|Any CPU.Build.0 = Debug|Any CPU
		{9AD27F5F-7252-471F-830B-8925E94E6977}.Release|Any CPU.ActiveCfg = Release|Any CPU
		{9AD27F5F-7252-471F-830B-8925E94E6977}.Release|Any CPU.Build.0 = Release|Any CPU
		{62F810BA-5BE1-4792-A7BB-C96359468C6C}.Debug|Any CPU.ActiveCfg = Debug|Any CPU
		{62F810BA-5BE1-4792-A7BB-C96359468C6C}.Debug|Any CPU.Build.0 = Debug|Any CPU
		{62F810BA-5BE1-4792-A7BB-C96359468C6C}.Release|Any CPU.ActiveCfg = Release|Any CPU
		{62F810BA-5BE1-4792-A7BB-C96359468C6C}.Release|Any CPU.Build.0 = Release|Any CPU
		{44A613C5-3C7E-4DB8-8EED-C726CBB559FF}.Debug|Any CPU.ActiveCfg = Debug|Any CPU
		{44A613C5-3C7E-4DB8-8EED-C726CBB559FF}.Debug|Any CPU.Build.0 = Debug|Any CPU
		{44A613C5-3C7E-4DB8-8EED-C726CBB559FF}.Release|Any CPU.ActiveCfg = Release|Any CPU
		{44A613C5-3C7E-4DB8-8EED-C726CBB559FF}.Release|Any CPU.Build.0 = Release|Any CPU
	EndGlobalSection
	GlobalSection(SolutionProperties) = preSolution
		HideSolutionNode = FALSE
	EndGlobalSection
EndGlobal
